
Microsoft Visual Studio Solution File, Format Version 12.00
# Visual Studio Version 17
VisualStudioVersion = 17.9.34728.123
MinimumVisualStudioVersion = 10.0.40219.1
Project("{FAE04EC0-301F-11D3-BF4B-00C04F79EFBC}") = "Archivo", "Archivo.csproj", "{6F85CDC7-C59C-4643-B044-953070113A26}"
EndProject
Global
	GlobalSection(SolutionConfigurationPlatforms) = preSolution
		Debug|Any CPU = Debug|Any CPU
		Release|Any CPU = Release|Any CPU
	EndGlobalSection
	GlobalSection(ProjectConfigurationPlatforms) = postSolution
		{6F85CDC7-C59C-4643-B044-953070113A26}.Debug|Any CPU.ActiveCfg = Debug|Any CPU
		{6F85CDC7-C59C-4643-B044-953070113A26}.Debug|Any CPU.Build.0 = Debug|Any CPU
		{6F85CDC7-C59C-4643-B044-953070113A26}.Release|Any CPU.ActiveCfg = Release|Any CPU
		{6F85CDC7-C59C-4643-B044-953070113A26}.Release|Any CPU.Build.0 = Release|Any CPU
	EndGlobalSection
	GlobalSection(SolutionProperties) = preSolution
		HideSolutionNode = FALSE
	EndGlobalSection
	GlobalSection(ExtensibilityGlobals) = postSolution
		SolutionGuid = {70D81CE4-2E40-43AA-8431-DA03571DFB05}
	EndGlobalSection
EndGlobal
